
Microsoft Visual Studio Solution File, Format Version 12.00
# Visual Studio Version 16
VisualStudioVersion = 16.0.29806.167
MinimumVisualStudioVersion = 10.0.40219.1
Project("{FAE04EC0-301F-11D3-BF4B-00C04F79EFBC}") = "2020_AH_Hackathon_Dektop", "2020_AH_Hackathon_Dektop.csproj", "{F88B2987-D477-4587-877B-3FCB63C6C4F8}"
EndProject
Global
	GlobalSection(SolutionConfigurationPlatforms) = preSolution
		Debug|Any CPU = Debug|Any CPU
		Release|Any CPU = Release|Any CPU
	EndGlobalSection
	GlobalSection(ProjectConfigurationPlatforms) = postSolution
		{F88B2987-D477-4587-877B-3FCB63C6C4F8}.Debug|Any CPU.ActiveCfg = Debug|Any CPU
		{F88B2987-D477-4587-877B-3FCB63C6C4F8}.Debug|Any CPU.Build.0 = Debug|Any CPU
		{F88B2987-D477-4587-877B-3FCB63C6C4F8}.Release|Any CPU.ActiveCfg = Release|Any CPU
		{F88B2987-D477-4587-877B-3FCB63C6C4F8}.Release|Any CPU.Build.0 = Release|Any CPU
	EndGlobalSection
	GlobalSection(SolutionProperties) = preSolution
		HideSolutionNode = FALSE
	EndGlobalSection
	GlobalSection(ExtensibilityGlobals) = postSolution
		SolutionGuid = {15A1E50D-6C6F-4A93-9F2C-AF59BA8F082C}
	EndGlobalSection
EndGlobal
